
Microsoft Visual Studio Solution File, Format Version 12.00
# Visual Studio 15
VisualStudioVersion = 15.0.28010.2016
MinimumVisualStudioVersion = 10.0.40219.1
Project("{FAE04EC0-301F-11D3-BF4B-00C04F79EFBC}") = "SeleniumCSharpEventHandlers", "SeleniumCSharpEventHandlers\SeleniumCSharpEventHandlers.csproj", "{5512DF76-2E7D-42CA-90CD-0FEAB6947BDB}"
EndProject
Global
	GlobalSection(SolutionConfigurationPlatforms) = preSolution
		Debug|Any CPU = Debug|Any CPU
		Release|Any CPU = Release|Any CPU
	EndGlobalSection
	GlobalSection(ProjectConfigurationPlatforms) = postSolution
		{5512DF76-2E7D-42CA-90CD-0FEAB6947BDB}.Debug|Any CPU.ActiveCfg = Debug|Any CPU
		{5512DF76-2E7D-42CA-90CD-0FEAB6947BDB}.Debug|Any CPU.Build.0 = Debug|Any CPU
		{5512DF76-2E7D-42CA-90CD-0FEAB6947BDB}.Release|Any CPU.ActiveCfg = Release|Any CPU
		{5512DF76-2E7D-42CA-90CD-0FEAB6947BDB}.Release|Any CPU.Build.0 = Release|Any CPU
	EndGlobalSection
	GlobalSection(SolutionProperties) = preSolution
		HideSolutionNode = FALSE
	EndGlobalSection
	GlobalSection(ExtensibilityGlobals) = postSolution
		SolutionGuid = {B2C1EB2F-F24E-4A76-AF33-6B262B5F48DD}
	EndGlobalSection
EndGlobal
